// !$*UTF8*$!
{
	archiveVersion = 1;
	classes = {
	};
	objectVersion = 50;
	objects = {

/* Begin PBXBuildFile section */
		9435495925027C9A00056680 /* ConfettiPop.sks in Resources */ = {isa = PBXBuildFile; fileRef = 9435495425027C9A00056680 /* ConfettiPop.sks */; };
		9435495A25027C9A00056680 /* Assets.xcassets in Resources */ = {isa = PBXBuildFile; fileRef = 9435495525027C9A00056680 /* Assets.xcassets */; };
		9435495B25027C9A00056680 /* RFSKScene.m in Sources */ = {isa = PBXBuildFile; fileRef = 9435495725027C9A00056680 /* RFSKScene.m */; };
		9435495D25027DD300056680 /* ConfettiPop2.sks in Resources */ = {isa = PBXBuildFile; fileRef = 9435495C25027DD300056680 /* ConfettiPop2.sks */; };
		94F9A4A325002E2C00DAF2B2 /* AppDelegate.m in Sources */ = {isa = PBXBuildFile; fileRef = 94F9A4A225002E2C00DAF2B2 /* AppDelegate.m */; };
		94F9A4A625002E2C00DAF2B2 /* SceneDelegate.m in Sources */ = {isa = PBXBuildFile; fileRef = 94F9A4A525002E2C00DAF2B2 /* SceneDelegate.m */; };
		94F9A4A925002E2C00DAF2B2 /* ViewController.m in Sources */ = {isa = PBXBuildFile; fileRef = 94F9A4A825002E2C00DAF2B2 /* ViewController.m */; };
		94F9A4AC25002E2C00DAF2B2 /* Main.storyboard in Resources */ = {isa = PBXBuildFile; fileRef = 94F9A4AA25002E2C00DAF2B2 /* Main.storyboard */; };
		94F9A4AE25002E2F00DAF2B2 /* Assets.xcassets in Resources */ = {isa = PBXBuildFile; fileRef = 94F9A4AD25002E2F00DAF2B2 /* Assets.xcassets */; };
		94F9A4B125002E2F00DAF2B2 /* LaunchScreen.storyboard in Resources */ = {isa = PBXBuildFile; fileRef = 94F9A4AF25002E2F00DAF2B2 /* LaunchScreen.storyboard */; };
		94F9A4B425002E2F00DAF2B2 /* main.m in Sources */ = {isa = PBXBuildFile; fileRef = 94F9A4B325002E2F00DAF2B2 /* main.m */; };
		94F9A4BE25003CFE00DAF2B2 /* AnimatedPopStackView.m in Sources */ = {isa = PBXBuildFile; fileRef = 94F9A4BD25003CFE00DAF2B2 /* AnimatedPopStackView.m */; };
		94F9A4C12500481300DAF2B2 /* NSString+Helper.m in Sources */ = {isa = PBXBuildFile; fileRef = 94F9A4C02500481300DAF2B2 /* NSString+Helper.m */; };
		94F9A4C425019CD200DAF2B2 /* Bungee-Regular.ttf in Resources */ = {isa = PBXBuildFile; fileRef = 94F9A4C325019BA700DAF2B2 /* Bungee-Regular.ttf */; };
		94F9A4C82501ACD300DAF2B2 /* HapticsHelper.m in Sources */ = {isa = PBXBuildFile; fileRef = 94F9A4C62501ACD300DAF2B2 /* HapticsHelper.m */; };
/* End PBXBuildFile section */

/* Begin PBXFileReference section */
		9435495425027C9A00056680 /* ConfettiPop.sks */ = {isa = PBXFileReference; lastKnownFileType = file.sks; path = ConfettiPop.sks; sourceTree = "<group>"; };
		9435495525027C9A00056680 /* Assets.xcassets */ = {isa = PBXFileReference; lastKnownFileType = folder.assetcatalog; path = Assets.xcassets; sourceTree = "<group>"; };
		9435495725027C9A00056680 /* RFSKScene.m */ = {isa = PBXFileReference; fileEncoding = 4; lastKnownFileType = sourcecode.c.objc; path = RFSKScene.m; sourceTree = "<group>"; };
		9435495825027C9A00056680 /* RFSKScene.h */ = {isa = PBXFileReference; fileEncoding = 4; lastKnownFileType = sourcecode.c.h; path = RFSKScene.h; sourceTree = "<group>"; };
		9435495C25027DD300056680 /* ConfettiPop2.sks */ = {isa = PBXFileReference; lastKnownFileType = file.sks; path = ConfettiPop2.sks; sourceTree = "<group>"; };
		94F9A49E25002E2C00DAF2B2 /* Letter-Pop-Animation-Demo.app */ = {isa = PBXFileReference; explicitFileType = wrapper.application; includeInIndex = 0; path = "Letter-Pop-Animation-Demo.app"; sourceTree = BUILT_PRODUCTS_DIR; };
		94F9A4A125002E2C00DAF2B2 /* AppDelegate.h */ = {isa = PBXFileReference; lastKnownFileType = sourcecode.c.h; path = AppDelegate.h; sourceTree = "<group>"; };
		94F9A4A225002E2C00DAF2B2 /* AppDelegate.m */ = {isa = PBXFileReference; lastKnownFileType = sourcecode.c.objc; path = AppDelegate.m; sourceTree = "<group>"; };
		94F9A4A425002E2C00DAF2B2 /* SceneDelegate.h */ = {isa = PBXFileReference; lastKnownFileType = sourcecode.c.h; path = SceneDelegate.h; sourceTree = "<group>"; };
		94F9A4A525002E2C00DAF2B2 /* SceneDelegate.m */ = {isa = PBXFileReference; lastKnownFileType = sourcecode.c.objc; path = SceneDelegate.m; sourceTree = "<group>"; };
		94F9A4A725002E2C00DAF2B2 /* ViewController.h */ = {isa = PBXFileReference; lastKnownFileType = sourcecode.c.h; path = ViewController.h; sourceTree = "<group>"; };
		94F9A4A825002E2C00DAF2B2 /* ViewController.m */ = {isa = PBXFileReference; lastKnownFileType = sourcecode.c.objc; path = ViewController.m; sourceTree = "<group>"; };
		94F9A4AB25002E2C00DAF2B2 /* Base */ = {isa = PBXFileReference; lastKnownFileType = file.storyboard; name = Base; path = Base.lproj/Main.storyboard; sourceTree = "<group>"; };
		94F9A4AD25002E2F00DAF2B2 /* Assets.xcassets */ = {isa = PBXFileReference; lastKnownFileType = folder.assetcatalog; path = Assets.xcassets; sourceTree = "<group>"; };
		94F9A4B025002E2F00DAF2B2 /* Base */ = {isa = PBXFileReference; lastKnownFileType = file.storyboard; name = Base; path = Base.lproj/LaunchScreen.storyboard; sourceTree = "<group>"; };
		94F9A4B225002E2F00DAF2B2 /* Info.plist */ = {isa = PBXFileReference; lastKnownFileType = text.plist.xml; path = Info.plist; sourceTree = "<group>"; };
		94F9A4B325002E2F00DAF2B2 /* main.m */ = {isa = PBXFileReference; lastKnownFileType = sourcecode.c.objc; path = main.m; sourceTree = "<group>"; };
		94F9A4BC25003CFE00DAF2B2 /* AnimatedPopStackView.h */ = {isa = PBXFileReference; lastKnownFileType = sourcecode.c.h; path = AnimatedPopStackView.h; sourceTree = "<group>"; };
		94F9A4BD25003CFE00DAF2B2 /* AnimatedPopStackView.m */ = {isa = PBXFileReference; lastKnownFileType = sourcecode.c.objc; path = AnimatedPopStackView.m; sourceTree = "<group>"; };
		94F9A4BF2500481300DAF2B2 /* NSString+Helper.h */ = {isa = PBXFileReference; lastKnownFileType = sourcecode.c.h; path = "NSString+Helper.h"; sourceTree = "<group>"; };
		94F9A4C02500481300DAF2B2 /* NSString+Helper.m */ = {isa = PBXFileReference; lastKnownFileType = sourcecode.c.objc; path = "NSString+Helper.m"; sourceTree = "<group>"; };
		94F9A4C325019BA700DAF2B2 /* Bungee-Regular.ttf */ = {isa = PBXFileReference; lastKnownFileType = file; path = "Bungee-Regular.ttf"; sourceTree = "<group>"; };
		94F9A4C62501ACD300DAF2B2 /* HapticsHelper.m */ = {isa = PBXFileReference; fileEncoding = 4; lastKnownFileType = sourcecode.c.objc; path = HapticsHelper.m; sourceTree = "<group>"; };
		94F9A4C72501ACD300DAF2B2 /* HapticsHelper.h */ = {isa = PBXFileReference; fileEncoding = 4; lastKnownFileType = sourcecode.c.h; path = HapticsHelper.h; sourceTree = "<group>"; };
/* End PBXFileReference section */

/* Begin PBXFrameworksBuildPhase section */
		94F9A49B25002E2C00DAF2B2 /* Frameworks */ = {
			isa = PBXFrameworksBuildPhase;
			buildActionMask = 2147483647;
			files = (
			);
			runOnlyForDeploymentPostprocessing = 0;
		};
/* End PBXFrameworksBuildPhase section */

/* Begin PBXGroup section */
		9435495225027C9A00056680 /* SpriteKit */ = {
			isa = PBXGroup;
			children = (
				9435495325027C9A00056680 /* Emitter */,
				9435495625027C9A00056680 /* SKScene */,
			);
			path = SpriteKit;
			sourceTree = "<group>";
		};
		9435495325027C9A00056680 /* Emitter */ = {
			isa = PBXGroup;
			children = (
				9435495C25027DD300056680 /* ConfettiPop2.sks */,
				9435495425027C9A00056680 /* ConfettiPop.sks */,
				9435495525027C9A00056680 /* Assets.xcassets */,
			);
			path = Emitter;
			sourceTree = "<group>";
		};
		9435495625027C9A00056680 /* SKScene */ = {
			isa = PBXGroup;
			children = (
				9435495725027C9A00056680 /* RFSKScene.m */,
				9435495825027C9A00056680 /* RFSKScene.h */,
			);
			path = SKScene;
			sourceTree = "<group>";
		};
		94F9A49525002E2C00DAF2B2 = {
			isa = PBXGroup;
			children = (
				94F9A4A025002E2C00DAF2B2 /* Letter-Pop-Animation-Demo */,
				94F9A49F25002E2C00DAF2B2 /* Products */,
			);
			sourceTree = "<group>";
		};
		94F9A49F25002E2C00DAF2B2 /* Products */ = {
			isa = PBXGroup;
			children = (
				94F9A49E25002E2C00DAF2B2 /* Letter-Pop-Animation-Demo.app */,
			);
			name = Products;
			sourceTree = "<group>";
		};
		94F9A4A025002E2C00DAF2B2 /* Letter-Pop-Animation-Demo */ = {
			isa = PBXGroup;
			children = (
				9435495225027C9A00056680 /* SpriteKit */,
				94F9A4C52501ABEC00DAF2B2 /* Helpers */,
				94F9A4C325019BA700DAF2B2 /* Bungee-Regular.ttf */,
				94F9A4BB25003A7000DAF2B2 /* AnimatedNumberStackView */,
				94F9A4BA25002F7600DAF2B2 /* Supporting Files */,
				94F9A4A725002E2C00DAF2B2 /* ViewController.h */,
				94F9A4A825002E2C00DAF2B2 /* ViewController.m */,
				94F9A4AA25002E2C00DAF2B2 /* Main.storyboard */,
				94F9A4AF25002E2F00DAF2B2 /* LaunchScreen.storyboard */,
				94F9A4AD25002E2F00DAF2B2 /* Assets.xcassets */,
				94F9A4B225002E2F00DAF2B2 /* Info.plist */,
				94F9A4B325002E2F00DAF2B2 /* main.m */,
			);
			path = "Letter-Pop-Animation-Demo";
			sourceTree = "<group>";
		};
		94F9A4BA25002F7600DAF2B2 /* Supporting Files */ = {
			isa = PBXGroup;
			children = (
				94F9A4A125002E2C00DAF2B2 /* AppDelegate.h */,
				94F9A4A225002E2C00DAF2B2 /* AppDelegate.m */,
				94F9A4A425002E2C00DAF2B2 /* SceneDelegate.h */,
				94F9A4A525002E2C00DAF2B2 /* SceneDelegate.m */,
			);
			path = "Supporting Files";
			sourceTree = "<group>";
		};
		94F9A4BB25003A7000DAF2B2 /* AnimatedNumberStackView */ = {
			isa = PBXGroup;
			children = (
				94F9A4BC25003CFE00DAF2B2 /* AnimatedPopStackView.h */,
				94F9A4BD25003CFE00DAF2B2 /* AnimatedPopStackView.m */,
			);
			path = AnimatedNumberStackView;
			sourceTree = "<group>";
		};
		94F9A4C52501ABEC00DAF2B2 /* Helpers */ = {
			isa = PBXGroup;
			children = (
				94F9A4C72501ACD300DAF2B2 /* HapticsHelper.h */,
				94F9A4C62501ACD300DAF2B2 /* HapticsHelper.m */,
				94F9A4BF2500481300DAF2B2 /* NSString+Helper.h */,
				94F9A4C02500481300DAF2B2 /* NSString+Helper.m */,
			);
			path = Helpers;
			sourceTree = "<group>";
		};
/* End PBXGroup section */

/* Begin PBXNativeTarget section */
		94F9A49D25002E2C00DAF2B2 /* Letter-Pop-Animation-Demo */ = {
			isa = PBXNativeTarget;
			buildConfigurationList = 94F9A4B725002E2F00DAF2B2 /* Build configuration list for PBXNativeTarget "Letter-Pop-Animation-Demo" */;
			buildPhases = (
				94F9A49A25002E2C00DAF2B2 /* Sources */,
				94F9A49B25002E2C00DAF2B2 /* Frameworks */,
				94F9A49C25002E2C00DAF2B2 /* Resources */,
			);
			buildRules = (
			);
			dependencies = (
			);
			name = "Letter-Pop-Animation-Demo";
			productName = "Letter-Pop-Animation-Demo";
			productReference = 94F9A49E25002E2C00DAF2B2 /* Letter-Pop-Animation-Demo.app */;
			productType = "com.apple.product-type.application";
		};
/* End PBXNativeTarget section */

/* Begin PBXProject section */
		94F9A49625002E2C00DAF2B2 /* Project object */ = {
			isa = PBXProject;
			attributes = {
				LastUpgradeCheck = 1160;
				ORGANIZATIONNAME = "Ryan David Forsyth";
				TargetAttributes = {
					94F9A49D25002E2C00DAF2B2 = {
						CreatedOnToolsVersion = 11.6;
					};
				};
			};
			buildConfigurationList = 94F9A49925002E2C00DAF2B2 /* Build configuration list for PBXProject "Letter-Pop-Animation-Demo" */;
			compatibilityVersion = "Xcode 9.3";
			developmentRegion = en;
			hasScannedForEncodings = 0;
			knownRegions = (
				en,
				Base,
			);
			mainGroup = 94F9A49525002E2C00DAF2B2;
			productRefGroup = 94F9A49F25002E2C00DAF2B2 /* Products */;
			projectDirPath = "";
			projectRoot = "";
			targets = (
				94F9A49D25002E2C00DAF2B2 /* Letter-Pop-Animation-Demo */,
			);
		};
/* End PBXProject section */

/* Begin PBXResourcesBuildPhase section */
		94F9A49C25002E2C00DAF2B2 /* Resources */ = {
			isa = PBXResourcesBuildPhase;
			buildActionMask = 2147483647;
			files = (
				94F9A4C425019CD200DAF2B2 /* Bungee-Regular.ttf in Resources */,
				94F9A4B125002E2F00DAF2B2 /* LaunchScreen.storyboard in Resources */,
				94F9A4AE25002E2F00DAF2B2 /* Assets.xcassets in Resources */,
				9435495D25027DD300056680 /* ConfettiPop2.sks in Resources */,
				9435495925027C9A00056680 /* ConfettiPop.sks in Resources */,
				9435495A25027C9A00056680 /* Assets.xcassets in Resources */,
				94F9A4AC25002E2C00DAF2B2 /* Main.storyboard in Resources */,
			);
			runOnlyForDeploymentPostprocessing = 0;
		};
/* End PBXResourcesBuildPhase section */

/* Begin PBXSourcesBuildPhase section */
		94F9A49A25002E2C00DAF2B2 /* Sources */ = {
			isa = PBXSourcesBuildPhase;
			buildActionMask = 2147483647;
			files = (
				9435495B25027C9A00056680 /* RFSKScene.m in Sources */,
				94F9A4A925002E2C00DAF2B2 /* ViewController.m in Sources */,
				94F9A4C82501ACD300DAF2B2 /* HapticsHelper.m in Sources */,
				94F9A4A325002E2C00DAF2B2 /* AppDelegate.m in Sources */,
				94F9A4B425002E2F00DAF2B2 /* main.m in Sources */,
				94F9A4A625002E2C00DAF2B2 /* SceneDelegate.m in Sources */,
				94F9A4BE25003CFE00DAF2B2 /* AnimatedPopStackView.m in Sources */,
				94F9A4C12500481300DAF2B2 /* NSString+Helper.m in Sources */,
			);
			runOnlyForDeploymentPostprocessing = 0;
		};
/* End PBXSourcesBuildPhase section */

/* Begin PBXVariantGroup section */
		94F9A4AA25002E2C00DAF2B2 /* Main.storyboard */ = {
			isa = PBXVariantGroup;
			children = (
				94F9A4AB25002E2C00DAF2B2 /* Base */,
			);
			name = Main.storyboard;
			sourceTree = "<group>";
		};
		94F9A4AF25002E2F00DAF2B2 /* LaunchScreen.storyboard */ = {
			isa = PBXVariantGroup;
			children = (
				94F9A4B025002E2F00DAF2B2 /* Base */,
			);
			name = LaunchScreen.storyboard;
			sourceTree = "<group>";
		};
/* End PBXVariantGroup section */

/* Begin XCBuildConfiguration section */
		94F9A4B525002E2F00DAF2B2 /* Debug */ = {
			isa = XCBuildConfiguration;
			buildSettings = {
				ALWAYS_SEARCH_USER_PATHS = NO;
				CLANG_ANALYZER_NONNULL = YES;
				CLANG_ANALYZER_NUMBER_OBJECT_CONVERSION = YES_AGGRESSIVE;
				CLANG_CXX_LANGUAGE_STANDARD = "gnu++14";
				CLANG_CXX_LIBRARY = "libc++";
				CLANG_ENABLE_MODULES = YES;
				CLANG_ENABLE_OBJC_ARC = YES;
				CLANG_ENABLE_OBJC_WEAK = YES;
				CLANG_WARN_BLOCK_CAPTURE_AUTORELEASING = YES;
				CLANG_WARN_BOOL_CONVERSION = YES;
				CLANG_WARN_COMMA = YES;
				CLANG_WARN_CONSTANT_CONVERSION = YES;
				CLANG_WARN_DEPRECATED_OBJC_IMPLEMENTATIONS = YES;
				CLANG_WARN_DIRECT_OBJC_ISA_USAGE = YES_ERROR;
				CLANG_WARN_DOCUMENTATION_COMMENTS = YES;
				CLANG_WARN_EMPTY_BODY = YES;
				CLANG_WARN_ENUM_CONVERSION = YES;
				CLANG_WARN_INFINITE_RECURSION = YES;
				CLANG_WARN_INT_CONVERSION = YES;
				CLANG_WARN_NON_LITERAL_NULL_CONVERSION = YES;
				CLANG_WARN_OBJC_IMPLICIT_RETAIN_SELF = YES;
				CLANG_WARN_OBJC_LITERAL_CONVERSION = YES;
				CLANG_WARN_OBJC_ROOT_CLASS = YES_ERROR;
				CLANG_WARN_RANGE_LOOP_ANALYSIS = YES;
				CLANG_WARN_STRICT_PROTOTYPES = YES;
				CLANG_WARN_SUSPICIOUS_MOVE = YES;
				CLANG_WARN_UNGUARDED_AVAILABILITY = YES_AGGRESSIVE;
				CLANG_WARN_UNREACHABLE_CODE = YES;
				CLANG_WARN__DUPLICATE_METHOD_MATCH = YES;
				COPY_PHASE_STRIP = NO;
				DEBUG_INFORMATION_FORMAT = dwarf;
				ENABLE_STRICT_OBJC_MSGSEND = YES;
				ENABLE_TESTABILITY = YES;
				GCC_C_LANGUAGE_STANDARD = gnu11;
				GCC_DYNAMIC_NO_PIC = NO;
				GCC_NO_COMMON_BLOCKS = YES;
				GCC_OPTIMIZATION_LEVEL = 0;
				GCC_PREPROCESSOR_DEFINITIONS = (
					"DEBUG=1",
					"$(inherited)",
				);
				GCC_WARN_64_TO_32_BIT_CONVERSION = YES;
				GCC_WARN_ABOUT_RETURN_TYPE = YES_ERROR;
				GCC_WARN_UNDECLARED_SELECTOR = YES;
				GCC_WARN_UNINITIALIZED_AUTOS = YES_AGGRESSIVE;
				GCC_WARN_UNUSED_FUNCTION = YES;
				GCC_WARN_UNUSED_VARIABLE = YES;
				IPHONEOS_DEPLOYMENT_TARGET = 13.6;
				MTL_ENABLE_DEBUG_INFO = INCLUDE_SOURCE;
				MTL_FAST_MATH = YES;
				ONLY_ACTIVE_ARCH = YES;
				SDKROOT = iphoneos;
			};
			name = Debug;
		};
		94F9A4B625002E2F00DAF2B2 /* Release */ = {
			isa = XCBuildConfiguration;
			buildSettings = {
				ALWAYS_SEARCH_USER_PATHS = NO;
				CLANG_ANALYZER_NONNULL = YES;
				CLANG_ANALYZER_NUMBER_OBJECT_CONVERSION = YES_AGGRESSIVE;
				CLANG_CXX_LANGUAGE_STANDARD = "gnu++14";
				CLANG_CXX_LIBRARY = "libc++";
				CLANG_ENABLE_MODULES = YES;
				CLANG_ENABLE_OBJC_ARC = YES;
				CLANG_ENABLE_OBJC_WEAK = YES;
				CLANG_WARN_BLOCK_CAPTURE_AUTORELEASING = YES;
				CLANG_WARN_BOOL_CONVERSION = YES;
				CLANG_WARN_COMMA = YES;
				CLANG_WARN_CONSTANT_CONVERSION = YES;
				CLANG_WARN_DEPRECATED_OBJC_IMPLEMENTATIONS = YES;
				CLANG_WARN_DIRECT_OBJC_ISA_USAGE = YES_ERROR;
				CLANG_WARN_DOCUMENTATION_COMMENTS = YES;
				CLANG_WARN_EMPTY_BODY = YES;
				CLANG_WARN_ENUM_CONVERSION = YES;
				CLANG_WARN_INFINITE_RECURSION = YES;
				CLANG_WARN_INT_CONVERSION = YES;
				CLANG_WARN_NON_LITERAL_NULL_CONVERSION = YES;
				CLANG_WARN_OBJC_IMPLICIT_RETAIN_SELF = YES;
				CLANG_WARN_OBJC_LITERAL_CONVERSION = YES;
				CLANG_WARN_OBJC_ROOT_CLASS = YES_ERROR;
				CLANG_WARN_RANGE_LOOP_ANALYSIS = YES;
				CLANG_WARN_STRICT_PROTOTYPES = YES;
				CLANG_WARN_SUSPICIOUS_MOVE = YES;
				CLANG_WARN_UNGUARDED_AVAILABILITY = YES_AGGRESSIVE;
				CLANG_WARN_UNREACHABLE_CODE = YES;
				CLANG_WARN__DUPLICATE_METHOD_MATCH = YES;
				COPY_PHASE_STRIP = NO;
				DEBUG_INFORMATION_FORMAT = "dwarf-with-dsym";
				ENABLE_NS_ASSERTIONS = NO;
				ENABLE_STRICT_OBJC_MSGSEND = YES;
				GCC_C_LANGUAGE_STANDARD = gnu11;
				GCC_NO_COMMON_BLOCKS = YES;
				GCC_WARN_64_TO_32_BIT_CONVERSION = YES;
				GCC_WARN_ABOUT_RETURN_TYPE = YES_ERROR;
				GCC_WARN_UNDECLARED_SELECTOR = YES;
				GCC_WARN_UNINITIALIZED_AUTOS = YES_AGGRESSIVE;
				GCC_WARN_UNUSED_FUNCTION = YES;
				GCC_WARN_UNUSED_VARIABLE = YES;
				IPHONEOS_DEPLOYMENT_TARGET = 13.6;
				MTL_ENABLE_DEBUG_INFO = NO;
				MTL_FAST_MATH = YES;
				SDKROOT = iphoneos;
				VALIDATE_PRODUCT = YES;
			};
			name = Release;
		};
		94F9A4B825002E2F00DAF2B2 /* Debug */ = {
			isa = XCBuildConfiguration;
			buildSettings = {
				ASSETCATALOG_COMPILER_APPICON_NAME = AppIcon;
				CODE_SIGN_STYLE = Automatic;
				DEVELOPMENT_TEAM = T6MXF72738;
				INFOPLIST_FILE = "Letter-Pop-Animation-Demo/Info.plist";
				LD_RUNPATH_SEARCH_PATHS = (
					"$(inherited)",
					"@executable_path/Frameworks",
				);
				PRODUCT_BUNDLE_IDENTIFIER = "com.RyanDavidForsyth.Letter-Pop-Animation-Demo";
				PRODUCT_NAME = "$(TARGET_NAME)";
				TARGETED_DEVICE_FAMILY = "1,2";
			};
			name = Debug;
		};
		94F9A4B925002E2F00DAF2B2 /* Release */ = {
			isa = XCBuildConfiguration;
			buildSettings = {
				ASSETCATALOG_COMPILER_APPICON_NAME = AppIcon;
				CODE_SIGN_STYLE = Automatic;
				DEVELOPMENT_TEAM = T6MXF72738;
				INFOPLIST_FILE = "Letter-Pop-Animation-Demo/Info.plist";
				LD_RUNPATH_SEARCH_PATHS = (
					"$(inherited)",
					"@executable_path/Frameworks",
				);
				PRODUCT_BUNDLE_IDENTIFIER = "com.RyanDavidForsyth.Letter-Pop-Animation-Demo";
				PRODUCT_NAME = "$(TARGET_NAME)";
				TARGETED_DEVICE_FAMILY = "1,2";
			};
			name = Release;
		};
/* End XCBuildConfiguration section */

/* Begin XCConfigurationList section */
		94F9A49925002E2C00DAF2B2 /* Build configuration list for PBXProject "Letter-Pop-Animation-Demo" */ = {
			isa = XCConfigurationList;
			buildConfigurations = (
				94F9A4B525002E2F00DAF2B2 /* Debug */,
				94F9A4B625002E2F00DAF2B2 /* Release */,
			);
			defaultConfigurationIsVisible = 0;
			defaultConfigurationName = Release;
		};
		94F9A4B725002E2F00DAF2B2 /* Build configuration list for PBXNativeTarget "Letter-Pop-Animation-Demo" */ = {
			isa = XCConfigurationList;
			buildConfigurations = (
				94F9A4B825002E2F00DAF2B2 /* Debug */,
				94F9A4B925002E2F00DAF2B2 /* Release */,
			);
			defaultConfigurationIsVisible = 0;
			defaultConfigurationName = Release;
		};
/* End XCConfigurationList section */
	};
	rootObject = 94F9A49625002E2C00DAF2B2 /* Project object */;
}
